{
    "name": "common-coding-tools",
    "version": "1.0.16",
    "lockfileVersion": 2,
    "requires": true,
    "packages": {
        "": {
            "name": "common-coding-tools",
            "version": "1.0.16",
            "license": "ISC",
            "devDependencies": {}
        }
    }
}
