{
    "name": "common-coding-tools",
    "version": "2.0.0",
    "lockfileVersion": 2,
    "requires": true,
    "packages": {
        "": {
            "name": "common-coding-tools",
            "version": "2.0.0",
            "funding": [
                {
                    "type": "individual",
                    "url": "https://opencollective.com/common-coding-tools"
                }
            ],
            "license": "ISC",
            "devDependencies": {}
        }
    }
}
